
Microsoft Visual Studio Solution File, Format Version 12.00
# Visual Studio Version 17
VisualStudioVersion = 17.1.32407.343
MinimumVisualStudioVersion = 10.0.40219.1
Project("{FAE04EC0-301F-11D3-BF4B-00C04F79EFBC}") = "Product_Store", "Product_Store\Product_Store.csproj", "{FF4CF53F-BF46-499E-978A-6C1F5C1202DE}"
EndProject
Global
	GlobalSection(SolutionConfigurationPlatforms) = preSolution
		Debug|Any CPU = Debug|Any CPU
		Release|Any CPU = Release|Any CPU
	EndGlobalSection
	GlobalSection(ProjectConfigurationPlatforms) = postSolution
		{FF4CF53F-BF46-499E-978A-6C1F5C1202DE}.Debug|Any CPU.ActiveCfg = Debug|Any CPU
		{FF4CF53F-BF46-499E-978A-6C1F5C1202DE}.Debug|Any CPU.Build.0 = Debug|Any CPU
		{FF4CF53F-BF46-499E-978A-6C1F5C1202DE}.Release|Any CPU.ActiveCfg = Release|Any CPU
		{FF4CF53F-BF46-499E-978A-6C1F5C1202DE}.Release|Any CPU.Build.0 = Release|Any CPU
	EndGlobalSection
	GlobalSection(SolutionProperties) = preSolution
		HideSolutionNode = FALSE
	EndGlobalSection
	GlobalSection(ExtensibilityGlobals) = postSolution
		SolutionGuid = {2ED14199-44C3-42CE-9DE1-01E8725B8213}
	EndGlobalSection
EndGlobal
